// !$*UTF8*$!
{
	archiveVersion = 1;
	classes = {
	};
	objectVersion = 56;
	objects = {

/* Begin PBXBuildFile section */
		3E33D0EF2BBFA5ED004DA47E /* ListView.swift in Sources */ = {isa = PBXBuildFile; fileRef = 3E33D0EE2BBFA5ED004DA47E /* ListView.swift */; };
		3E33D0F12BBFA801004DA47E /* ListRowView.swift in Sources */ = {isa = PBXBuildFile; fileRef = 3E33D0F02BBFA801004DA47E /* ListRowView.swift */; };
		3E33D0F32BBFAFA0004DA47E /* AddView.swift in Sources */ = {isa = PBXBuildFile; fileRef = 3E33D0F22BBFAFA0004DA47E /* AddView.swift */; };
		3E5A3D682C47A4D2000EE735 /* ItemModel.swift in Sources */ = {isa = PBXBuildFile; fileRef = 3E5A3D672C47A4D2000EE735 /* ItemModel.swift */; };
		3E5A3D6B2C47B0E1000EE735 /* ListViewModel.swift in Sources */ = {isa = PBXBuildFile; fileRef = 3E5A3D6A2C47B0E1000EE735 /* ListViewModel.swift */; };
		3E5A3D6D2C48C31B000EE735 /* NoItemsView.swift in Sources */ = {isa = PBXBuildFile; fileRef = 3E5A3D6C2C48C31B000EE735 /* NoItemsView.swift */; };
		3E5A3D6F2C4901AC000EE735 /* LaunchScreen.storyboard in Resources */ = {isa = PBXBuildFile; fileRef = 3E5A3D6E2C4901AC000EE735 /* LaunchScreen.storyboard */; };
		3E5C7CD12BBE5298009FDF1A /* todoAppApp.swift in Sources */ = {isa = PBXBuildFile; fileRef = 3E5C7CD02BBE5298009FDF1A /* todoAppApp.swift */; };
		3E5C7CD32BBE5298009FDF1A /* ContentView.swift in Sources */ = {isa = PBXBuildFile; fileRef = 3E5C7CD22BBE5298009FDF1A /* ContentView.swift */; };
		3E5C7CD52BBE529A009FDF1A /* Assets.xcassets in Resources */ = {isa = PBXBuildFile; fileRef = 3E5C7CD42BBE529A009FDF1A /* Assets.xcassets */; };
		3E5C7CD82BBE529A009FDF1A /* Preview Assets.xcassets in Resources */ = {isa = PBXBuildFile; fileRef = 3E5C7CD72BBE529A009FDF1A /* Preview Assets.xcassets */; };
		3E5C7CE22BBE529A009FDF1A /* todoAppTests.swift in Sources */ = {isa = PBXBuildFile; fileRef = 3E5C7CE12BBE529A009FDF1A /* todoAppTests.swift */; };
		3E5C7CEC2BBE529A009FDF1A /* todoAppUITests.swift in Sources */ = {isa = PBXBuildFile; fileRef = 3E5C7CEB2BBE529A009FDF1A /* todoAppUITests.swift */; };
		3E5C7CEE2BBE529A009FDF1A /* todoAppUITestsLaunchTests.swift in Sources */ = {isa = PBXBuildFile; fileRef = 3E5C7CED2BBE529A009FDF1A /* todoAppUITestsLaunchTests.swift */; };
/* End PBXBuildFile section */

/* Begin PBXContainerItemProxy section */
		3E5C7CDE2BBE529A009FDF1A /* PBXContainerItemProxy */ = {
			isa = PBXContainerItemProxy;
			containerPortal = 3E5C7CC52BBE5298009FDF1A /* Project object */;
			proxyType = 1;
			remoteGlobalIDString = 3E5C7CCC2BBE5298009FDF1A;
			remoteInfo = todoApp;
		};
		3E5C7CE82BBE529A009FDF1A /* PBXContainerItemProxy */ = {
			isa = PBXContainerItemProxy;
			containerPortal = 3E5C7CC52BBE5298009FDF1A /* Project object */;
			proxyType = 1;
			remoteGlobalIDString = 3E5C7CCC2BBE5298009FDF1A;
			remoteInfo = todoApp;
		};
/* End PBXContainerItemProxy section */

/* Begin PBXFileReference section */
		3E33D0EE2BBFA5ED004DA47E /* ListView.swift */ = {isa = PBXFileReference; lastKnownFileType = sourcecode.swift; path = ListView.swift; sourceTree = "<group>"; };
		3E33D0F02BBFA801004DA47E /* ListRowView.swift */ = {isa = PBXFileReference; lastKnownFileType = sourcecode.swift; path = ListRowView.swift; sourceTree = "<group>"; };
		3E33D0F22BBFAFA0004DA47E /* AddView.swift */ = {isa = PBXFileReference; lastKnownFileType = sourcecode.swift; path = AddView.swift; sourceTree = "<group>"; };
		3E5A3D672C47A4D2000EE735 /* ItemModel.swift */ = {isa = PBXFileReference; lastKnownFileType = sourcecode.swift; path = ItemModel.swift; sourceTree = "<group>"; };
		3E5A3D6A2C47B0E1000EE735 /* ListViewModel.swift */ = {isa = PBXFileReference; lastKnownFileType = sourcecode.swift; path = ListViewModel.swift; sourceTree = "<group>"; };
		3E5A3D6C2C48C31B000EE735 /* NoItemsView.swift */ = {isa = PBXFileReference; lastKnownFileType = sourcecode.swift; path = NoItemsView.swift; sourceTree = "<group>"; };
		3E5A3D6E2C4901AC000EE735 /* LaunchScreen.storyboard */ = {isa = PBXFileReference; lastKnownFileType = file.storyboard; path = LaunchScreen.storyboard; sourceTree = "<group>"; };
		3E5C7CCD2BBE5298009FDF1A /* todoApp.app */ = {isa = PBXFileReference; explicitFileType = wrapper.application; includeInIndex = 0; path = todoApp.app; sourceTree = BUILT_PRODUCTS_DIR; };
		3E5C7CD02BBE5298009FDF1A /* todoAppApp.swift */ = {isa = PBXFileReference; lastKnownFileType = sourcecode.swift; path = todoAppApp.swift; sourceTree = "<group>"; };
		3E5C7CD22BBE5298009FDF1A /* ContentView.swift */ = {isa = PBXFileReference; lastKnownFileType = sourcecode.swift; path = ContentView.swift; sourceTree = "<group>"; };
		3E5C7CD42BBE529A009FDF1A /* Assets.xcassets */ = {isa = PBXFileReference; lastKnownFileType = folder.assetcatalog; path = Assets.xcassets; sourceTree = "<group>"; };
		3E5C7CD72BBE529A009FDF1A /* Preview Assets.xcassets */ = {isa = PBXFileReference; lastKnownFileType = folder.assetcatalog; path = "Preview Assets.xcassets"; sourceTree = "<group>"; };
		3E5C7CDD2BBE529A009FDF1A /* todoAppTests.xctest */ = {isa = PBXFileReference; explicitFileType = wrapper.cfbundle; includeInIndex = 0; path = todoAppTests.xctest; sourceTree = BUILT_PRODUCTS_DIR; };
		3E5C7CE12BBE529A009FDF1A /* todoAppTests.swift */ = {isa = PBXFileReference; lastKnownFileType = sourcecode.swift; path = todoAppTests.swift; sourceTree = "<group>"; };
		3E5C7CE72BBE529A009FDF1A /* todoAppUITests.xctest */ = {isa = PBXFileReference; explicitFileType = wrapper.cfbundle; includeInIndex = 0; path = todoAppUITests.xctest; sourceTree = BUILT_PRODUCTS_DIR; };
		3E5C7CEB2BBE529A009FDF1A /* todoAppUITests.swift */ = {isa = PBXFileReference; lastKnownFileType = sourcecode.swift; path = todoAppUITests.swift; sourceTree = "<group>"; };
		3E5C7CED2BBE529A009FDF1A /* todoAppUITestsLaunchTests.swift */ = {isa = PBXFileReference; lastKnownFileType = sourcecode.swift; path = todoAppUITestsLaunchTests.swift; sourceTree = "<group>"; };
/* End PBXFileReference section */

/* Begin PBXFrameworksBuildPhase section */
		3E5C7CCA2BBE5298009FDF1A /* Frameworks */ = {
			isa = PBXFrameworksBuildPhase;
			buildActionMask = 2147483647;
			files = (
			);
			runOnlyForDeploymentPostprocessing = 0;
		};
		3E5C7CDA2BBE529A009FDF1A /* Frameworks */ = {
			isa = PBXFrameworksBuildPhase;
			buildActionMask = 2147483647;
			files = (
			);
			runOnlyForDeploymentPostprocessing = 0;
		};
		3E5C7CE42BBE529A009FDF1A /* Frameworks */ = {
			isa = PBXFrameworksBuildPhase;
			buildActionMask = 2147483647;
			files = (
			);
			runOnlyForDeploymentPostprocessing = 0;
		};
/* End PBXFrameworksBuildPhase section */

/* Begin PBXGroup section */
		3E33D0EB2BBFA5BF004DA47E /* Views */ = {
			isa = PBXGroup;
			children = (
				3E33D0EE2BBFA5ED004DA47E /* ListView.swift */,
				3E33D0F02BBFA801004DA47E /* ListRowView.swift */,
				3E33D0F22BBFAFA0004DA47E /* AddView.swift */,
				3E5A3D6C2C48C31B000EE735 /* NoItemsView.swift */,
				3E5A3D6E2C4901AC000EE735 /* LaunchScreen.storyboard */,
			);
			path = Views;
			sourceTree = "<group>";
		};
		3E5A3D662C47A4BC000EE735 /* Models */ = {
			isa = PBXGroup;
			children = (
				3E5A3D672C47A4D2000EE735 /* ItemModel.swift */,
			);
			path = Models;
			sourceTree = "<group>";
		};
		3E5A3D692C47B0B0000EE735 /* ViewModels */ = {
			isa = PBXGroup;
			children = (
				3E5A3D6A2C47B0E1000EE735 /* ListViewModel.swift */,
			);
			path = ViewModels;
			sourceTree = "<group>";
		};
		3E5C7CC42BBE5298009FDF1A = {
			isa = PBXGroup;
			children = (
				3E5C7CCF2BBE5298009FDF1A /* todoApp */,
				3E5C7CE02BBE529A009FDF1A /* todoAppTests */,
				3E5C7CEA2BBE529A009FDF1A /* todoAppUITests */,
				3E5C7CCE2BBE5298009FDF1A /* Products */,
			);
			sourceTree = "<group>";
		};
		3E5C7CCE2BBE5298009FDF1A /* Products */ = {
			isa = PBXGroup;
			children = (
				3E5C7CCD2BBE5298009FDF1A /* todoApp.app */,
				3E5C7CDD2BBE529A009FDF1A /* todoAppTests.xctest */,
				3E5C7CE72BBE529A009FDF1A /* todoAppUITests.xctest */,
			);
			name = Products;
			sourceTree = "<group>";
		};
		3E5C7CCF2BBE5298009FDF1A /* todoApp */ = {
			isa = PBXGroup;
			children = (
				3E5A3D662C47A4BC000EE735 /* Models */,
				3E5A3D692C47B0B0000EE735 /* ViewModels */,
				3E33D0EB2BBFA5BF004DA47E /* Views */,
				3E5C7CD02BBE5298009FDF1A /* todoAppApp.swift */,
				3E5C7CD22BBE5298009FDF1A /* ContentView.swift */,
				3E5C7CD42BBE529A009FDF1A /* Assets.xcassets */,
				3E5C7CD62BBE529A009FDF1A /* Preview Content */,
			);
			path = todoApp;
			sourceTree = "<group>";
		};
		3E5C7CD62BBE529A009FDF1A /* Preview Content */ = {
			isa = PBXGroup;
			children = (
				3E5C7CD72BBE529A009FDF1A /* Preview Assets.xcassets */,
			);
			path = "Preview Content";
			sourceTree = "<group>";
		};
		3E5C7CE02BBE529A009FDF1A /* todoAppTests */ = {
			isa = PBXGroup;
			children = (
				3E5C7CE12BBE529A009FDF1A /* todoAppTests.swift */,
			);
			path = todoAppTests;
			sourceTree = "<group>";
		};
		3E5C7CEA2BBE529A009FDF1A /* todoAppUITests */ = {
			isa = PBXGroup;
			children = (
				3E5C7CEB2BBE529A009FDF1A /* todoAppUITests.swift */,
				3E5C7CED2BBE529A009FDF1A /* todoAppUITestsLaunchTests.swift */,
			);
			path = todoAppUITests;
			sourceTree = "<group>";
		};
/* End PBXGroup section */

/* Begin PBXNativeTarget section */
		3E5C7CCC2BBE5298009FDF1A /* todoApp */ = {
			isa = PBXNativeTarget;
			buildConfigurationList = 3E5C7CF12BBE529A009FDF1A /* Build configuration list for PBXNativeTarget "todoApp" */;
			buildPhases = (
				3E5C7CC92BBE5298009FDF1A /* Sources */,
				3E5C7CCA2BBE5298009FDF1A /* Frameworks */,
				3E5C7CCB2BBE5298009FDF1A /* Resources */,
			);
			buildRules = (
			);
			dependencies = (
			);
			name = todoApp;
			productName = todoApp;
			productReference = 3E5C7CCD2BBE5298009FDF1A /* todoApp.app */;
			productType = "com.apple.product-type.application";
		};
		3E5C7CDC2BBE529A009FDF1A /* todoAppTests */ = {
			isa = PBXNativeTarget;
			buildConfigurationList = 3E5C7CF42BBE529A009FDF1A /* Build configuration list for PBXNativeTarget "todoAppTests" */;
			buildPhases = (
				3E5C7CD92BBE529A009FDF1A /* Sources */,
				3E5C7CDA2BBE529A009FDF1A /* Frameworks */,
				3E5C7CDB2BBE529A009FDF1A /* Resources */,
			);
			buildRules = (
			);
			dependencies = (
				3E5C7CDF2BBE529A009FDF1A /* PBXTargetDependency */,
			);
			name = todoAppTests;
			productName = todoAppTests;
			productReference = 3E5C7CDD2BBE529A009FDF1A /* todoAppTests.xctest */;
			productType = "com.apple.product-type.bundle.unit-test";
		};
		3E5C7CE62BBE529A009FDF1A /* todoAppUITests */ = {
			isa = PBXNativeTarget;
			buildConfigurationList = 3E5C7CF72BBE529A009FDF1A /* Build configuration list for PBXNativeTarget "todoAppUITests" */;
			buildPhases = (
				3E5C7CE32BBE529A009FDF1A /* Sources */,
				3E5C7CE42BBE529A009FDF1A /* Frameworks */,
				3E5C7CE52BBE529A009FDF1A /* Resources */,
			);
			buildRules = (
			);
			dependencies = (
				3E5C7CE92BBE529A009FDF1A /* PBXTargetDependency */,
			);
			name = todoAppUITests;
			productName = todoAppUITests;
			productReference = 3E5C7CE72BBE529A009FDF1A /* todoAppUITests.xctest */;
			productType = "com.apple.product-type.bundle.ui-testing";
		};
/* End PBXNativeTarget section */

/* Begin PBXProject section */
		3E5C7CC52BBE5298009FDF1A /* Project object */ = {
			isa = PBXProject;
			attributes = {
				BuildIndependentTargetsInParallel = 1;
				LastSwiftUpdateCheck = 1530;
				LastUpgradeCheck = 1530;
				TargetAttributes = {
					3E5C7CCC2BBE5298009FDF1A = {
						CreatedOnToolsVersion = 15.3;
					};
					3E5C7CDC2BBE529A009FDF1A = {
						CreatedOnToolsVersion = 15.3;
						TestTargetID = 3E5C7CCC2BBE5298009FDF1A;
					};
					3E5C7CE62BBE529A009FDF1A = {
						CreatedOnToolsVersion = 15.3;
						TestTargetID = 3E5C7CCC2BBE5298009FDF1A;
					};
				};
			};
			buildConfigurationList = 3E5C7CC82BBE5298009FDF1A /* Build configuration list for PBXProject "todoApp" */;
			compatibilityVersion = "Xcode 14.0";
			developmentRegion = en;
			hasScannedForEncodings = 0;
			knownRegions = (
				en,
				Base,
			);
			mainGroup = 3E5C7CC42BBE5298009FDF1A;
			productRefGroup = 3E5C7CCE2BBE5298009FDF1A /* Products */;
			projectDirPath = "";
			projectRoot = "";
			targets = (
				3E5C7CCC2BBE5298009FDF1A /* todoApp */,
				3E5C7CDC2BBE529A009FDF1A /* todoAppTests */,
				3E5C7CE62BBE529A009FDF1A /* todoAppUITests */,
			);
		};
/* End PBXProject section */

/* Begin PBXResourcesBuildPhase section */
		3E5C7CCB2BBE5298009FDF1A /* Resources */ = {
			isa = PBXResourcesBuildPhase;
			buildActionMask = 2147483647;
			files = (
				3E5A3D6F2C4901AC000EE735 /* LaunchScreen.storyboard in Resources */,
				3E5C7CD82BBE529A009FDF1A /* Preview Assets.xcassets in Resources */,
				3E5C7CD52BBE529A009FDF1A /* Assets.xcassets in Resources */,
			);
			runOnlyForDeploymentPostprocessing = 0;
		};
		3E5C7CDB2BBE529A009FDF1A /* Resources */ = {
			isa = PBXResourcesBuildPhase;
			buildActionMask = 2147483647;
			files = (
			);
			runOnlyForDeploymentPostprocessing = 0;
		};
		3E5C7CE52BBE529A009FDF1A /* Resources */ = {
			isa = PBXResourcesBuildPhase;
			buildActionMask = 2147483647;
			files = (
			);
			runOnlyForDeploymentPostprocessing = 0;
		};
/* End PBXResourcesBuildPhase section */

/* Begin PBXSourcesBuildPhase section */
		3E5C7CC92BBE5298009FDF1A /* Sources */ = {
			isa = PBXSourcesBuildPhase;
			buildActionMask = 2147483647;
			files = (
				3E5A3D682C47A4D2000EE735 /* ItemModel.swift in Sources */,
				3E5C7CD32BBE5298009FDF1A /* ContentView.swift in Sources */,
				3E5A3D6B2C47B0E1000EE735 /* ListViewModel.swift in Sources */,
				3E5C7CD12BBE5298009FDF1A /* todoAppApp.swift in Sources */,
				3E33D0F32BBFAFA0004DA47E /* AddView.swift in Sources */,
				3E33D0EF2BBFA5ED004DA47E /* ListView.swift in Sources */,
				3E5A3D6D2C48C31B000EE735 /* NoItemsView.swift in Sources */,
				3E33D0F12BBFA801004DA47E /* ListRowView.swift in Sources */,
			);
			runOnlyForDeploymentPostprocessing = 0;
		};
		3E5C7CD92BBE529A009FDF1A /* Sources */ = {
			isa = PBXSourcesBuildPhase;
			buildActionMask = 2147483647;
			files = (
				3E5C7CE22BBE529A009FDF1A /* todoAppTests.swift in Sources */,
			);
			runOnlyForDeploymentPostprocessing = 0;
		};
		3E5C7CE32BBE529A009FDF1A /* Sources */ = {
			isa = PBXSourcesBuildPhase;
			buildActionMask = 2147483647;
			files = (
				3E5C7CEE2BBE529A009FDF1A /* todoAppUITestsLaunchTests.swift in Sources */,
				3E5C7CEC2BBE529A009FDF1A /* todoAppUITests.swift in Sources */,
			);
			runOnlyForDeploymentPostprocessing = 0;
		};
/* End PBXSourcesBuildPhase section */

/* Begin PBXTargetDependency section */
		3E5C7CDF2BBE529A009FDF1A /* PBXTargetDependency */ = {
			isa = PBXTargetDependency;
			target = 3E5C7CCC2BBE5298009FDF1A /* todoApp */;
			targetProxy = 3E5C7CDE2BBE529A009FDF1A /* PBXContainerItemProxy */;
		};
		3E5C7CE92BBE529A009FDF1A /* PBXTargetDependency */ = {
			isa = PBXTargetDependency;
			target = 3E5C7CCC2BBE5298009FDF1A /* todoApp */;
			targetProxy = 3E5C7CE82BBE529A009FDF1A /* PBXContainerItemProxy */;
		};
/* End PBXTargetDependency section */

/* Begin XCBuildConfiguration section */
		3E5C7CEF2BBE529A009FDF1A /* Debug */ = {
			isa = XCBuildConfiguration;
			buildSettings = {
				ALWAYS_SEARCH_USER_PATHS = NO;
				ASSETCATALOG_COMPILER_GENERATE_SWIFT_ASSET_SYMBOL_EXTENSIONS = YES;
				CLANG_ANALYZER_NONNULL = YES;
				CLANG_ANALYZER_NUMBER_OBJECT_CONVERSION = YES_AGGRESSIVE;
				CLANG_CXX_LANGUAGE_STANDARD = "gnu++20";
				CLANG_ENABLE_MODULES = YES;
				CLANG_ENABLE_OBJC_ARC = YES;
				CLANG_ENABLE_OBJC_WEAK = YES;
				CLANG_WARN_BLOCK_CAPTURE_AUTORELEASING = YES;
				CLANG_WARN_BOOL_CONVERSION = YES;
				CLANG_WARN_COMMA = YES;
				CLANG_WARN_CONSTANT_CONVERSION = YES;
				CLANG_WARN_DEPRECATED_OBJC_IMPLEMENTATIONS = YES;
				CLANG_WARN_DIRECT_OBJC_ISA_USAGE = YES_ERROR;
				CLANG_WARN_DOCUMENTATION_COMMENTS = YES;
				CLANG_WARN_EMPTY_BODY = YES;
				CLANG_WARN_ENUM_CONVERSION = YES;
				CLANG_WARN_INFINITE_RECURSION = YES;
				CLANG_WARN_INT_CONVERSION = YES;
				CLANG_WARN_NON_LITERAL_NULL_CONVERSION = YES;
				CLANG_WARN_OBJC_IMPLICIT_RETAIN_SELF = YES;
				CLANG_WARN_OBJC_LITERAL_CONVERSION = YES;
				CLANG_WARN_OBJC_ROOT_CLASS = YES_ERROR;
				CLANG_WARN_QUOTED_INCLUDE_IN_FRAMEWORK_HEADER = YES;
				CLANG_WARN_RANGE_LOOP_ANALYSIS = YES;
				CLANG_WARN_STRICT_PROTOTYPES = YES;
				CLANG_WARN_SUSPICIOUS_MOVE = YES;
				CLANG_WARN_UNGUARDED_AVAILABILITY = YES_AGGRESSIVE;
				CLANG_WARN_UNREACHABLE_CODE = YES;
				CLANG_WARN__DUPLICATE_METHOD_MATCH = YES;
				COPY_PHASE_STRIP = NO;
				DEBUG_INFORMATION_FORMAT = dwarf;
				ENABLE_STRICT_OBJC_MSGSEND = YES;
				ENABLE_TESTABILITY = YES;
				ENABLE_USER_SCRIPT_SANDBOXING = YES;
				GCC_C_LANGUAGE_STANDARD = gnu17;
				GCC_DYNAMIC_NO_PIC = NO;
				GCC_NO_COMMON_BLOCKS = YES;
				GCC_OPTIMIZATION_LEVEL = 0;
				GCC_PREPROCESSOR_DEFINITIONS = (
					"DEBUG=1",
					"$(inherited)",
				);
				GCC_WARN_64_TO_32_BIT_CONVERSION = YES;
				GCC_WARN_ABOUT_RETURN_TYPE = YES_ERROR;
				GCC_WARN_UNDECLARED_SELECTOR = YES;
				GCC_WARN_UNINITIALIZED_AUTOS = YES_AGGRESSIVE;
				GCC_WARN_UNUSED_FUNCTION = YES;
				GCC_WARN_UNUSED_VARIABLE = YES;
				IPHONEOS_DEPLOYMENT_TARGET = 17.4;
				LOCALIZATION_PREFERS_STRING_CATALOGS = YES;
				MTL_ENABLE_DEBUG_INFO = INCLUDE_SOURCE;
				MTL_FAST_MATH = YES;
				ONLY_ACTIVE_ARCH = YES;
				SDKROOT = iphoneos;
				SWIFT_ACTIVE_COMPILATION_CONDITIONS = "DEBUG $(inherited)";
				SWIFT_OPTIMIZATION_LEVEL = "-Onone";
			};
			name = Debug;
		};
		3E5C7CF02BBE529A009FDF1A /* Release */ = {
			isa = XCBuildConfiguration;
			buildSettings = {
				ALWAYS_SEARCH_USER_PATHS = NO;
				ASSETCATALOG_COMPILER_GENERATE_SWIFT_ASSET_SYMBOL_EXTENSIONS = YES;
				CLANG_ANALYZER_NONNULL = YES;
				CLANG_ANALYZER_NUMBER_OBJECT_CONVERSION = YES_AGGRESSIVE;
				CLANG_CXX_LANGUAGE_STANDARD = "gnu++20";
				CLANG_ENABLE_MODULES = YES;
				CLANG_ENABLE_OBJC_ARC = YES;
				CLANG_ENABLE_OBJC_WEAK = YES;
				CLANG_WARN_BLOCK_CAPTURE_AUTORELEASING = YES;
				CLANG_WARN_BOOL_CONVERSION = YES;
				CLANG_WARN_COMMA = YES;
				CLANG_WARN_CONSTANT_CONVERSION = YES;
				CLANG_WARN_DEPRECATED_OBJC_IMPLEMENTATIONS = YES;
				CLANG_WARN_DIRECT_OBJC_ISA_USAGE = YES_ERROR;
				CLANG_WARN_DOCUMENTATION_COMMENTS = YES;
				CLANG_WARN_EMPTY_BODY = YES;
				CLANG_WARN_ENUM_CONVERSION = YES;
				CLANG_WARN_INFINITE_RECURSION = YES;
				CLANG_WARN_INT_CONVERSION = YES;
				CLANG_WARN_NON_LITERAL_NULL_CONVERSION = YES;
				CLANG_WARN_OBJC_IMPLICIT_RETAIN_SELF = YES;
				CLANG_WARN_OBJC_LITERAL_CONVERSION = YES;
				CLANG_WARN_OBJC_ROOT_CLASS = YES_ERROR;
				CLANG_WARN_QUOTED_INCLUDE_IN_FRAMEWORK_HEADER = YES;
				CLANG_WARN_RANGE_LOOP_ANALYSIS = YES;
				CLANG_WARN_STRICT_PROTOTYPES = YES;
				CLANG_WARN_SUSPICIOUS_MOVE = YES;
				CLANG_WARN_UNGUARDED_AVAILABILITY = YES_AGGRESSIVE;
				CLANG_WARN_UNREACHABLE_CODE = YES;
				CLANG_WARN__DUPLICATE_METHOD_MATCH = YES;
				COPY_PHASE_STRIP = NO;
				DEBUG_INFORMATION_FORMAT = "dwarf-with-dsym";
				ENABLE_NS_ASSERTIONS = NO;
				ENABLE_STRICT_OBJC_MSGSEND = YES;
				ENABLE_USER_SCRIPT_SANDBOXING = YES;
				GCC_C_LANGUAGE_STANDARD = gnu17;
				GCC_NO_COMMON_BLOCKS = YES;
				GCC_WARN_64_TO_32_BIT_CONVERSION = YES;
				GCC_WARN_ABOUT_RETURN_TYPE = YES_ERROR;
				GCC_WARN_UNDECLARED_SELECTOR = YES;
				GCC_WARN_UNINITIALIZED_AUTOS = YES_AGGRESSIVE;
				GCC_WARN_UNUSED_FUNCTION = YES;
				GCC_WARN_UNUSED_VARIABLE = YES;
				IPHONEOS_DEPLOYMENT_TARGET = 17.4;
				LOCALIZATION_PREFERS_STRING_CATALOGS = YES;
				MTL_ENABLE_DEBUG_INFO = NO;
				MTL_FAST_MATH = YES;
				SDKROOT = iphoneos;
				SWIFT_COMPILATION_MODE = wholemodule;
				VALIDATE_PRODUCT = YES;
			};
			name = Release;
		};
		3E5C7CF22BBE529A009FDF1A /* Debug */ = {
			isa = XCBuildConfiguration;
			buildSettings = {
				ASSETCATALOG_COMPILER_APPICON_NAME = AppIcon;
				ASSETCATALOG_COMPILER_GLOBAL_ACCENT_COLOR_NAME = AccentColor;
				ASSETCATALOG_COMPILER_INCLUDE_ALL_APPICON_ASSETS = NO;
				CODE_SIGN_STYLE = Automatic;
				CURRENT_PROJECT_VERSION = 1;
				DEVELOPMENT_ASSET_PATHS = "\"todoApp/Preview Content\"";
				DEVELOPMENT_TEAM = 4J9UJ9D537;
				ENABLE_PREVIEWS = YES;
				GENERATE_INFOPLIST_FILE = YES;
				INFOPLIST_KEY_CFBundleDisplayName = "ToDo List";
				INFOPLIST_KEY_UIApplicationSceneManifest_Generation = YES;
				INFOPLIST_KEY_UIApplicationSupportsIndirectInputEvents = YES;
				INFOPLIST_KEY_UILaunchScreen_Generation = YES;
				INFOPLIST_KEY_UILaunchStoryboardName = LaunchScreen.storyboard;
				INFOPLIST_KEY_UISupportedInterfaceOrientations_iPad = "UIInterfaceOrientationPortrait UIInterfaceOrientationPortraitUpsideDown UIInterfaceOrientationLandscapeLeft UIInterfaceOrientationLandscapeRight";
				INFOPLIST_KEY_UISupportedInterfaceOrientations_iPhone = "UIInterfaceOrientationPortrait UIInterfaceOrientationLandscapeLeft UIInterfaceOrientationLandscapeRight";
				IPHONEOS_DEPLOYMENT_TARGET = 16.0;
				LD_RUNPATH_SEARCH_PATHS = (
					"$(inherited)",
					"@executable_path/Frameworks",
				);
				MARKETING_VERSION = 1.0;
				PRODUCT_BUNDLE_IDENTIFIER = com.wisnu.todoApp;
				PRODUCT_NAME = "$(TARGET_NAME)";
				SWIFT_EMIT_LOC_STRINGS = YES;
				SWIFT_VERSION = 5.0;
				TARGETED_DEVICE_FAMILY = "1,2";
			};
			name = Debug;
		};
		3E5C7CF32BBE529A009FDF1A /* Release */ = {
			isa = XCBuildConfiguration;
			buildSettings = {
				ASSETCATALOG_COMPILER_APPICON_NAME = AppIcon;
				ASSETCATALOG_COMPILER_GLOBAL_ACCENT_COLOR_NAME = AccentColor;
				ASSETCATALOG_COMPILER_INCLUDE_ALL_APPICON_ASSETS = NO;
				CODE_SIGN_STYLE = Automatic;
				CURRENT_PROJECT_VERSION = 1;
				DEVELOPMENT_ASSET_PATHS = "\"todoApp/Preview Content\"";
				DEVELOPMENT_TEAM = 4J9UJ9D537;
				ENABLE_PREVIEWS = YES;
				GENERATE_INFOPLIST_FILE = YES;
				INFOPLIST_KEY_CFBundleDisplayName = "ToDo List";
				INFOPLIST_KEY_UIApplicationSceneManifest_Generation = YES;
				INFOPLIST_KEY_UIApplicationSupportsIndirectInputEvents = YES;
				INFOPLIST_KEY_UILaunchScreen_Generation = YES;
				INFOPLIST_KEY_UILaunchStoryboardName = LaunchScreen.storyboard;
				INFOPLIST_KEY_UISupportedInterfaceOrientations_iPad = "UIInterfaceOrientationPortrait UIInterfaceOrientationPortraitUpsideDown UIInterfaceOrientationLandscapeLeft UIInterfaceOrientationLandscapeRight";
				INFOPLIST_KEY_UISupportedInterfaceOrientations_iPhone = "UIInterfaceOrientationPortrait UIInterfaceOrientationLandscapeLeft UIInterfaceOrientationLandscapeRight";
				IPHONEOS_DEPLOYMENT_TARGET = 16.0;
				LD_RUNPATH_SEARCH_PATHS = (
					"$(inherited)",
					"@executable_path/Frameworks",
				);
				MARKETING_VERSION = 1.0;
				PRODUCT_BUNDLE_IDENTIFIER = com.wisnu.todoApp;
				PRODUCT_NAME = "$(TARGET_NAME)";
				SWIFT_EMIT_LOC_STRINGS = YES;
				SWIFT_VERSION = 5.0;
				TARGETED_DEVICE_FAMILY = "1,2";
			};
			name = Release;
		};
		3E5C7CF52BBE529A009FDF1A /* Debug */ = {
			isa = XCBuildConfiguration;
			buildSettings = {
				ALWAYS_EMBED_SWIFT_STANDARD_LIBRARIES = YES;
				BUNDLE_LOADER = "$(TEST_HOST)";
				CODE_SIGN_STYLE = Automatic;
				CURRENT_PROJECT_VERSION = 1;
				GENERATE_INFOPLIST_FILE = YES;
				IPHONEOS_DEPLOYMENT_TARGET = 17.4;
				MARKETING_VERSION = 1.0;
				PRODUCT_BUNDLE_IDENTIFIER = com.wisnu.todoAppTests;
				PRODUCT_NAME = "$(TARGET_NAME)";
				SWIFT_EMIT_LOC_STRINGS = NO;
				SWIFT_VERSION = 5.0;
				TARGETED_DEVICE_FAMILY = "1,2";
				TEST_HOST = "$(BUILT_PRODUCTS_DIR)/todoApp.app/$(BUNDLE_EXECUTABLE_FOLDER_PATH)/todoApp";
			};
			name = Debug;
		};
		3E5C7CF62BBE529A009FDF1A /* Release */ = {
			isa = XCBuildConfiguration;
			buildSettings = {
				ALWAYS_EMBED_SWIFT_STANDARD_LIBRARIES = YES;
				BUNDLE_LOADER = "$(TEST_HOST)";
				CODE_SIGN_STYLE = Automatic;
				CURRENT_PROJECT_VERSION = 1;
				GENERATE_INFOPLIST_FILE = YES;
				IPHONEOS_DEPLOYMENT_TARGET = 17.4;
				MARKETING_VERSION = 1.0;
				PRODUCT_BUNDLE_IDENTIFIER = com.wisnu.todoAppTests;
				PRODUCT_NAME = "$(TARGET_NAME)";
				SWIFT_EMIT_LOC_STRINGS = NO;
				SWIFT_VERSION = 5.0;
				TARGETED_DEVICE_FAMILY = "1,2";
				TEST_HOST = "$(BUILT_PRODUCTS_DIR)/todoApp.app/$(BUNDLE_EXECUTABLE_FOLDER_PATH)/todoApp";
			};
			name = Release;
		};
		3E5C7CF82BBE529A009FDF1A /* Debug */ = {
			isa = XCBuildConfiguration;
			buildSettings = {
				ALWAYS_EMBED_SWIFT_STANDARD_LIBRARIES = YES;
				CODE_SIGN_STYLE = Automatic;
				CURRENT_PROJECT_VERSION = 1;
				GENERATE_INFOPLIST_FILE = YES;
				MARKETING_VERSION = 1.0;
				PRODUCT_BUNDLE_IDENTIFIER = com.wisnu.todoAppUITests;
				PRODUCT_NAME = "$(TARGET_NAME)";
				SWIFT_EMIT_LOC_STRINGS = NO;
				SWIFT_VERSION = 5.0;
				TARGETED_DEVICE_FAMILY = "1,2";
				TEST_TARGET_NAME = todoApp;
			};
			name = Debug;
		};
		3E5C7CF92BBE529A009FDF1A /* Release */ = {
			isa = XCBuildConfiguration;
			buildSettings = {
				ALWAYS_EMBED_SWIFT_STANDARD_LIBRARIES = YES;
				CODE_SIGN_STYLE = Automatic;
				CURRENT_PROJECT_VERSION = 1;
				GENERATE_INFOPLIST_FILE = YES;
				MARKETING_VERSION = 1.0;
				PRODUCT_BUNDLE_IDENTIFIER = com.wisnu.todoAppUITests;
				PRODUCT_NAME = "$(TARGET_NAME)";
				SWIFT_EMIT_LOC_STRINGS = NO;
				SWIFT_VERSION = 5.0;
				TARGETED_DEVICE_FAMILY = "1,2";
				TEST_TARGET_NAME = todoApp;
			};
			name = Release;
		};
/* End XCBuildConfiguration section */

/* Begin XCConfigurationList section */
		3E5C7CC82BBE5298009FDF1A /* Build configuration list for PBXProject "todoApp" */ = {
			isa = XCConfigurationList;
			buildConfigurations = (
				3E5C7CEF2BBE529A009FDF1A /* Debug */,
				3E5C7CF02BBE529A009FDF1A /* Release */,
			);
			defaultConfigurationIsVisible = 0;
			defaultConfigurationName = Release;
		};
		3E5C7CF12BBE529A009FDF1A /* Build configuration list for PBXNativeTarget "todoApp" */ = {
			isa = XCConfigurationList;
			buildConfigurations = (
				3E5C7CF22BBE529A009FDF1A /* Debug */,
				3E5C7CF32BBE529A009FDF1A /* Release */,
			);
			defaultConfigurationIsVisible = 0;
			defaultConfigurationName = Release;
		};
		3E5C7CF42BBE529A009FDF1A /* Build configuration list for PBXNativeTarget "todoAppTests" */ = {
			isa = XCConfigurationList;
			buildConfigurations = (
				3E5C7CF52BBE529A009FDF1A /* Debug */,
				3E5C7CF62BBE529A009FDF1A /* Release */,
			);
			defaultConfigurationIsVisible = 0;
			defaultConfigurationName = Release;
		};
		3E5C7CF72BBE529A009FDF1A /* Build configuration list for PBXNativeTarget "todoAppUITests" */ = {
			isa = XCConfigurationList;
			buildConfigurations = (
				3E5C7CF82BBE529A009FDF1A /* Debug */,
				3E5C7CF92BBE529A009FDF1A /* Release */,
			);
			defaultConfigurationIsVisible = 0;
			defaultConfigurationName = Release;
		};
/* End XCConfigurationList section */
	};
	rootObject = 3E5C7CC52BBE5298009FDF1A /* Project object */;
}
